
Microsoft Visual Studio Solution File, Format Version 12.00
# Visual Studio 14
VisualStudioVersion = 14.0.25123.0
MinimumVisualStudioVersion = 10.0.40219.1
Project("{262852C6-CD72-467D-83FE-5EEB1973A190}") = "ionic2-ts-blank", "ionic2-ts-blank.jsproj", "{BF27ABE0-3FEE-4928-BEA3-683E31115A24}"
EndProject
Global
	GlobalSection(SolutionConfigurationPlatforms) = preSolution
		Debug|Android = Debug|Android
		Debug|iOS = Debug|iOS
		Debug|Windows-x86 = Debug|Windows-x86
		Release|Android = Release|Android
		Release|iOS = Release|iOS
		Release|Windows-x86 = Release|Windows-x86
	EndGlobalSection
	GlobalSection(ProjectConfigurationPlatforms) = postSolution
		{BF27ABE0-3FEE-4928-BEA3-683E31115A24}.Debug|Android.ActiveCfg = Debug|Android
		{BF27ABE0-3FEE-4928-BEA3-683E31115A24}.Debug|Android.Build.0 = Debug|Android
		{BF27ABE0-3FEE-4928-BEA3-683E31115A24}.Debug|Android.Deploy.0 = Debug|Android
		{BF27ABE0-3FEE-4928-BEA3-683E31115A24}.Debug|iOS.ActiveCfg = Debug|iOS
		{BF27ABE0-3FEE-4928-BEA3-683E31115A24}.Debug|iOS.Build.0 = Debug|iOS
		{BF27ABE0-3FEE-4928-BEA3-683E31115A24}.Debug|iOS.Deploy.0 = Debug|iOS
		{BF27ABE0-3FEE-4928-BEA3-683E31115A24}.Debug|Windows-x86.ActiveCfg = Debug|Windows-x86
		{BF27ABE0-3FEE-4928-BEA3-683E31115A24}.Debug|Windows-x86.Build.0 = Debug|Windows-x86
		{BF27ABE0-3FEE-4928-BEA3-683E31115A24}.Debug|Windows-x86.Deploy.0 = Debug|Windows-x86
		{BF27ABE0-3FEE-4928-BEA3-683E31115A24}.Release|Android.ActiveCfg = Release|Android
		{BF27ABE0-3FEE-4928-BEA3-683E31115A24}.Release|Android.Build.0 = Release|Android
		{BF27ABE0-3FEE-4928-BEA3-683E31115A24}.Release|Android.Deploy.0 = Release|Android
		{BF27ABE0-3FEE-4928-BEA3-683E31115A24}.Release|iOS.ActiveCfg = Release|iOS
		{BF27ABE0-3FEE-4928-BEA3-683E31115A24}.Release|iOS.Build.0 = Release|iOS
		{BF27ABE0-3FEE-4928-BEA3-683E31115A24}.Release|iOS.Deploy.0 = Release|iOS
		{BF27ABE0-3FEE-4928-BEA3-683E31115A24}.Release|Windows-x86.ActiveCfg = Release|Windows-x86
		{BF27ABE0-3FEE-4928-BEA3-683E31115A24}.Release|Windows-x86.Build.0 = Release|Windows-x86
		{BF27ABE0-3FEE-4928-BEA3-683E31115A24}.Release|Windows-x86.Deploy.0 = Release|Windows-x86
	EndGlobalSection
	GlobalSection(SolutionProperties) = preSolution
		HideSolutionNode = FALSE
	EndGlobalSection
EndGlobal
